<?xml version="1.0" encoding="utf-8"?>
<Project ToolsVersion="4.0" xmlns="http://schemas.microsoft.com/developer/msbuild/2003">
  <ItemGroup>
    <Filter Include="Source Files">
      <UniqueIdentifier>{4FC737F1-C7A5-4376-A066-2A32D752A2FF}</UniqueIdentifier>
      <Extensions>cpp;c;cc;cxx;def;odl;idl;hpj;bat;asm;asmx</Extensions>
    </Filter>
    <Filter Include="Header Files">
      <UniqueIdentifier>{93995380-89BD-4b04-88EB-625FBE52EBFB}</UniqueIdentifier>
      <Extensions>h;hh;hpp;hxx;hm;inl;inc;ipp;xsd</Extensions>
    </Filter>
    <Filter Include="Resource Files">
      <UniqueIdentifier>{67DA6AB6-F800-4c08-8B7A-83BB121AAD01}</UniqueIdentifier>
      <Extensions>rc;ico;cur;bmp;dlg;rc2;rct;bin;rgs;gif;jpg;jpeg;jpe;resx;tiff;tif;png;wav;mfcribbon-ms</Extensions>
    </Filter>
  </ItemGroup>
  <ItemGroup>
    <None Include="src\zerocopy.rs" />
    <None Include="src\vec3.rs" />
    <None Include="src\bounds.rs" />
    <None Include="src\cvar.rs" />
    <None Include="src\lib.rs" />
    <None Include="src\math.rs" />
    <None Include="src\perf.rs" />
    <None Include="src\q_math.rs" />
    <None Include="src\q_shared.rs" />
    <None Include="src\qfiles.rs" />
    <None Include="src\qcommon\cm_load.rs" />
    <None Include="src\qcommon\cm_local.rs" />
    <None Include="src\qcommon\cm_patch.rs" />
    <None Include="src\qcommon\cm_polylib.rs" />
    <None Include="src\qcommon\cm_test.rs" />
    <None Include="src\qcommon\cm_trace.rs" />
    <None Include="src\qcommon\md4.rs" />
    <None Include="src\qcommon\mod.rs" />
    <None Include="src\game\surfaceflags.rs" />
    <None Include="src\game\mod.rs" />
    <None Include="Cargo.toml" />
    <None Include="src\dbg_logger.rs" />
  </ItemGroup>
</Project>